
Microsoft Visual Studio Solution File, Format Version 12.00
# Visual Studio Version 17
VisualStudioVersion = 17.11.35312.102
MinimumVisualStudioVersion = 10.0.40219.1
Project("{FAE04EC0-301F-11D3-BF4B-00C04F79EFBC}") = "Compiler", "Compiler.csproj", "{47A940AE-1CD5-4053-9E69-C4B829617F1F}"
EndProject
Project("{FAE04EC0-301F-11D3-BF4B-00C04F79EFBC}") = "Utils", "..\Utils\Utils.csproj", "{7D122C18-9E08-4D88-90B0-8F530F2048B0}"
EndProject
Project("{F2A71F9B-5D33-465A-A702-920D77279786}") = "Scanner", "..\Scanner\Scanner.fsproj", "{90954DCB-2716-43A7-B06F-A159E527EFF6}"
EndProject
Global
	GlobalSection(SolutionConfigurationPlatforms) = preSolution
		Debug|Any CPU = Debug|Any CPU
		Release|Any CPU = Release|Any CPU
	EndGlobalSection
	GlobalSection(ProjectConfigurationPlatforms) = postSolution
		{47A940AE-1CD5-4053-9E69-C4B829617F1F}.Debug|Any CPU.ActiveCfg = Debug|Any CPU
		{47A940AE-1CD5-4053-9E69-C4B829617F1F}.Debug|Any CPU.Build.0 = Debug|Any CPU
		{47A940AE-1CD5-4053-9E69-C4B829617F1F}.Release|Any CPU.ActiveCfg = Release|Any CPU
		{47A940AE-1CD5-4053-9E69-C4B829617F1F}.Release|Any CPU.Build.0 = Release|Any CPU
		{7D122C18-9E08-4D88-90B0-8F530F2048B0}.Debug|Any CPU.ActiveCfg = Debug|Any CPU
		{7D122C18-9E08-4D88-90B0-8F530F2048B0}.Debug|Any CPU.Build.0 = Debug|Any CPU
		{7D122C18-9E08-4D88-90B0-8F530F2048B0}.Release|Any CPU.ActiveCfg = Release|Any CPU
		{7D122C18-9E08-4D88-90B0-8F530F2048B0}.Release|Any CPU.Build.0 = Release|Any CPU
		{90954DCB-2716-43A7-B06F-A159E527EFF6}.Debug|Any CPU.ActiveCfg = Debug|Any CPU
		{90954DCB-2716-43A7-B06F-A159E527EFF6}.Debug|Any CPU.Build.0 = Debug|Any CPU
		{90954DCB-2716-43A7-B06F-A159E527EFF6}.Release|Any CPU.ActiveCfg = Release|Any CPU
		{90954DCB-2716-43A7-B06F-A159E527EFF6}.Release|Any CPU.Build.0 = Release|Any CPU
	EndGlobalSection
	GlobalSection(SolutionProperties) = preSolution
		HideSolutionNode = FALSE
	EndGlobalSection
	GlobalSection(ExtensibilityGlobals) = postSolution
		SolutionGuid = {F439FE19-3C20-4145-89CB-4A492540CED9}
	EndGlobalSection
EndGlobal
